// !$*UTF8*$!
{
	archiveVersion = 1;
	classes = {
	};
	objectVersion = 51;
	objects = {

/* Begin PBXBuildFile section */
		075B875D2646052F002F5322 /* CommentCell.swift in Sources */ = {isa = PBXBuildFile; fileRef = 075B875C2646052E002F5322 /* CommentCell.swift */; };
		075E94EE263B507C0082233F /* AppDelegate.swift in Sources */ = {isa = PBXBuildFile; fileRef = 075E94ED263B507C0082233F /* AppDelegate.swift */; };
		075E94F0263B507C0082233F /* SceneDelegate.swift in Sources */ = {isa = PBXBuildFile; fileRef = 075E94EF263B507C0082233F /* SceneDelegate.swift */; };
		075E94F5263B507C0082233F /* Main.storyboard in Resources */ = {isa = PBXBuildFile; fileRef = 075E94F3263B507C0082233F /* Main.storyboard */; };
		075E94F7263B507F0082233F /* Assets.xcassets in Resources */ = {isa = PBXBuildFile; fileRef = 075E94F6263B507F0082233F /* Assets.xcassets */; };
		075E94FA263B507F0082233F /* LaunchScreen.storyboard in Resources */ = {isa = PBXBuildFile; fileRef = 075E94F8263B507F0082233F /* LaunchScreen.storyboard */; };
		075E9505263B507F0082233F /* InstagramTests.swift in Sources */ = {isa = PBXBuildFile; fileRef = 075E9504263B507F0082233F /* InstagramTests.swift */; };
		075E9510263B507F0082233F /* InstagramUITests.swift in Sources */ = {isa = PBXBuildFile; fileRef = 075E950F263B507F0082233F /* InstagramUITests.swift */; };
		075E9530263B53D80082233F /* LoginViewController.swift in Sources */ = {isa = PBXBuildFile; fileRef = 075E952F263B53D80082233F /* LoginViewController.swift */; };
		075E9535263B53EC0082233F /* FeedViewController.swift in Sources */ = {isa = PBXBuildFile; fileRef = 075E9534263B53EC0082233F /* FeedViewController.swift */; };
		075E953A263B80070082233F /* CameraViewController.swift in Sources */ = {isa = PBXBuildFile; fileRef = 075E9539263B80070082233F /* CameraViewController.swift */; };
		07D28ABE263BA7D60042F24D /* PostCell.swift in Sources */ = {isa = PBXBuildFile; fileRef = 07D28ABD263BA7D60042F24D /* PostCell.swift */; };
		55028AC8DA6B12AE31E2E5F6 /* Pods_InstagramTests.framework in Frameworks */ = {isa = PBXBuildFile; fileRef = 577D8301F0B18B898F183FF3 /* Pods_InstagramTests.framework */; };
		7403F6FA243291CDBC1852BA /* Pods_Instagram_InstagramUITests.framework in Frameworks */ = {isa = PBXBuildFile; fileRef = 3260A06957BC60206374461C /* Pods_Instagram_InstagramUITests.framework */; };
		D74C25715E2157C42871F94C /* Pods_Instagram.framework in Frameworks */ = {isa = PBXBuildFile; fileRef = C230A97BDEFB2434FFFFC964 /* Pods_Instagram.framework */; };
/* End PBXBuildFile section */

/* Begin PBXContainerItemProxy section */
		075E9501263B507F0082233F /* PBXContainerItemProxy */ = {
			isa = PBXContainerItemProxy;
			containerPortal = 075E94E2263B507C0082233F /* Project object */;
			proxyType = 1;
			remoteGlobalIDString = 075E94E9263B507C0082233F;
			remoteInfo = Instagram;
		};
		075E950C263B507F0082233F /* PBXContainerItemProxy */ = {
			isa = PBXContainerItemProxy;
			containerPortal = 075E94E2263B507C0082233F /* Project object */;
			proxyType = 1;
			remoteGlobalIDString = 075E94E9263B507C0082233F;
			remoteInfo = Instagram;
		};
/* End PBXContainerItemProxy section */

/* Begin PBXFileReference section */
		075B875C2646052E002F5322 /* CommentCell.swift */ = {isa = PBXFileReference; lastKnownFileType = sourcecode.swift; path = CommentCell.swift; sourceTree = "<group>"; };
		075E94EA263B507C0082233F /* Instagram.app */ = {isa = PBXFileReference; explicitFileType = wrapper.application; includeInIndex = 0; path = Instagram.app; sourceTree = BUILT_PRODUCTS_DIR; };
		075E94ED263B507C0082233F /* AppDelegate.swift */ = {isa = PBXFileReference; lastKnownFileType = sourcecode.swift; path = AppDelegate.swift; sourceTree = "<group>"; };
		075E94EF263B507C0082233F /* SceneDelegate.swift */ = {isa = PBXFileReference; lastKnownFileType = sourcecode.swift; path = SceneDelegate.swift; sourceTree = "<group>"; };
		075E94F4263B507C0082233F /* Base */ = {isa = PBXFileReference; lastKnownFileType = file.storyboard; name = Base; path = Base.lproj/Main.storyboard; sourceTree = "<group>"; };
		075E94F6263B507F0082233F /* Assets.xcassets */ = {isa = PBXFileReference; lastKnownFileType = folder.assetcatalog; path = Assets.xcassets; sourceTree = "<group>"; };
		075E94F9263B507F0082233F /* Base */ = {isa = PBXFileReference; lastKnownFileType = file.storyboard; name = Base; path = Base.lproj/LaunchScreen.storyboard; sourceTree = "<group>"; };
		075E94FB263B507F0082233F /* Info.plist */ = {isa = PBXFileReference; lastKnownFileType = text.plist.xml; path = Info.plist; sourceTree = "<group>"; };
		075E9500263B507F0082233F /* InstagramTests.xctest */ = {isa = PBXFileReference; explicitFileType = wrapper.cfbundle; includeInIndex = 0; path = InstagramTests.xctest; sourceTree = BUILT_PRODUCTS_DIR; };
		075E9504263B507F0082233F /* InstagramTests.swift */ = {isa = PBXFileReference; lastKnownFileType = sourcecode.swift; path = InstagramTests.swift; sourceTree = "<group>"; };
		075E9506263B507F0082233F /* Info.plist */ = {isa = PBXFileReference; lastKnownFileType = text.plist.xml; path = Info.plist; sourceTree = "<group>"; };
		075E950B263B507F0082233F /* InstagramUITests.xctest */ = {isa = PBXFileReference; explicitFileType = wrapper.cfbundle; includeInIndex = 0; path = InstagramUITests.xctest; sourceTree = BUILT_PRODUCTS_DIR; };
		075E950F263B507F0082233F /* InstagramUITests.swift */ = {isa = PBXFileReference; lastKnownFileType = sourcecode.swift; path = InstagramUITests.swift; sourceTree = "<group>"; };
		075E9511263B507F0082233F /* Info.plist */ = {isa = PBXFileReference; lastKnownFileType = text.plist.xml; path = Info.plist; sourceTree = "<group>"; };
		075E952F263B53D80082233F /* LoginViewController.swift */ = {isa = PBXFileReference; lastKnownFileType = sourcecode.swift; path = LoginViewController.swift; sourceTree = "<group>"; };
		075E9534263B53EC0082233F /* FeedViewController.swift */ = {isa = PBXFileReference; lastKnownFileType = sourcecode.swift; path = FeedViewController.swift; sourceTree = "<group>"; };
		075E9539263B80070082233F /* CameraViewController.swift */ = {isa = PBXFileReference; lastKnownFileType = sourcecode.swift; path = CameraViewController.swift; sourceTree = "<group>"; };
		07D28ABD263BA7D60042F24D /* PostCell.swift */ = {isa = PBXFileReference; lastKnownFileType = sourcecode.swift; path = PostCell.swift; sourceTree = "<group>"; };
		3260A06957BC60206374461C /* Pods_Instagram_InstagramUITests.framework */ = {isa = PBXFileReference; explicitFileType = wrapper.framework; includeInIndex = 0; path = Pods_Instagram_InstagramUITests.framework; sourceTree = BUILT_PRODUCTS_DIR; };
		492ECC4FF42064EBAC78DAB9 /* Pods-Instagram.release.xcconfig */ = {isa = PBXFileReference; includeInIndex = 1; lastKnownFileType = text.xcconfig; name = "Pods-Instagram.release.xcconfig"; path = "Target Support Files/Pods-Instagram/Pods-Instagram.release.xcconfig"; sourceTree = "<group>"; };
		577D8301F0B18B898F183FF3 /* Pods_InstagramTests.framework */ = {isa = PBXFileReference; explicitFileType = wrapper.framework; includeInIndex = 0; path = Pods_InstagramTests.framework; sourceTree = BUILT_PRODUCTS_DIR; };
		750A4AE9D87E933269DF7B0E /* Pods-InstagramTests.release.xcconfig */ = {isa = PBXFileReference; includeInIndex = 1; lastKnownFileType = text.xcconfig; name = "Pods-InstagramTests.release.xcconfig"; path = "Target Support Files/Pods-InstagramTests/Pods-InstagramTests.release.xcconfig"; sourceTree = "<group>"; };
		B62FC80B94420D8A9A5FFF26 /* Pods-Instagram-InstagramUITests.release.xcconfig */ = {isa = PBXFileReference; includeInIndex = 1; lastKnownFileType = text.xcconfig; name = "Pods-Instagram-InstagramUITests.release.xcconfig"; path = "Target Support Files/Pods-Instagram-InstagramUITests/Pods-Instagram-InstagramUITests.release.xcconfig"; sourceTree = "<group>"; };
		C230A97BDEFB2434FFFFC964 /* Pods_Instagram.framework */ = {isa = PBXFileReference; explicitFileType = wrapper.framework; includeInIndex = 0; path = Pods_Instagram.framework; sourceTree = BUILT_PRODUCTS_DIR; };
		D8A1D14205F3B425F79FF195 /* Pods-InstagramTests.debug.xcconfig */ = {isa = PBXFileReference; includeInIndex = 1; lastKnownFileType = text.xcconfig; name = "Pods-InstagramTests.debug.xcconfig"; path = "Target Support Files/Pods-InstagramTests/Pods-InstagramTests.debug.xcconfig"; sourceTree = "<group>"; };
		DD2F2D18AA51F98310DF361B /* Pods-Instagram-InstagramUITests.debug.xcconfig */ = {isa = PBXFileReference; includeInIndex = 1; lastKnownFileType = text.xcconfig; name = "Pods-Instagram-InstagramUITests.debug.xcconfig"; path = "Target Support Files/Pods-Instagram-InstagramUITests/Pods-Instagram-InstagramUITests.debug.xcconfig"; sourceTree = "<group>"; };
		F9E33E547AD3F7F710118A3D /* Pods-Instagram.debug.xcconfig */ = {isa = PBXFileReference; includeInIndex = 1; lastKnownFileType = text.xcconfig; name = "Pods-Instagram.debug.xcconfig"; path = "Target Support Files/Pods-Instagram/Pods-Instagram.debug.xcconfig"; sourceTree = "<group>"; };
/* End PBXFileReference section */

/* Begin PBXFrameworksBuildPhase section */
		075E94E7263B507C0082233F /* Frameworks */ = {
			isa = PBXFrameworksBuildPhase;
			buildActionMask = 2147483647;
			files = (
				D74C25715E2157C42871F94C /* Pods_Instagram.framework in Frameworks */,
			);
			runOnlyForDeploymentPostprocessing = 0;
		};
		075E94FD263B507F0082233F /* Frameworks */ = {
			isa = PBXFrameworksBuildPhase;
			buildActionMask = 2147483647;
			files = (
				55028AC8DA6B12AE31E2E5F6 /* Pods_InstagramTests.framework in Frameworks */,
			);
			runOnlyForDeploymentPostprocessing = 0;
		};
		075E9508263B507F0082233F /* Frameworks */ = {
			isa = PBXFrameworksBuildPhase;
			buildActionMask = 2147483647;
			files = (
				7403F6FA243291CDBC1852BA /* Pods_Instagram_InstagramUITests.framework in Frameworks */,
			);
			runOnlyForDeploymentPostprocessing = 0;
		};
/* End PBXFrameworksBuildPhase section */

/* Begin PBXGroup section */
		075E94E1263B507C0082233F = {
			isa = PBXGroup;
			children = (
				075E94EC263B507C0082233F /* Instagram */,
				075E9503263B507F0082233F /* InstagramTests */,
				075E950E263B507F0082233F /* InstagramUITests */,
				075E94EB263B507C0082233F /* Products */,
				FA0F6D2E488980B612AF2477 /* Pods */,
				9711F5EE478E02C711EFA42E /* Frameworks */,
			);
			sourceTree = "<group>";
		};
		075E94EB263B507C0082233F /* Products */ = {
			isa = PBXGroup;
			children = (
				075E94EA263B507C0082233F /* Instagram.app */,
				075E9500263B507F0082233F /* InstagramTests.xctest */,
				075E950B263B507F0082233F /* InstagramUITests.xctest */,
			);
			name = Products;
			sourceTree = "<group>";
		};
		075E94EC263B507C0082233F /* Instagram */ = {
			isa = PBXGroup;
			children = (
				075E94ED263B507C0082233F /* AppDelegate.swift */,
				075B875C2646052E002F5322 /* CommentCell.swift */,
				075E94EF263B507C0082233F /* SceneDelegate.swift */,
				075E94F3263B507C0082233F /* Main.storyboard */,
				075E94F6263B507F0082233F /* Assets.xcassets */,
				075E94F8263B507F0082233F /* LaunchScreen.storyboard */,
				075E94FB263B507F0082233F /* Info.plist */,
				075E952F263B53D80082233F /* LoginViewController.swift */,
				075E9534263B53EC0082233F /* FeedViewController.swift */,
				075E9539263B80070082233F /* CameraViewController.swift */,
				07D28ABD263BA7D60042F24D /* PostCell.swift */,
			);
			path = Instagram;
			sourceTree = "<group>";
		};
		075E9503263B507F0082233F /* InstagramTests */ = {
			isa = PBXGroup;
			children = (
				075E9504263B507F0082233F /* InstagramTests.swift */,
				075E9506263B507F0082233F /* Info.plist */,
			);
			path = InstagramTests;
			sourceTree = "<group>";
		};
		075E950E263B507F0082233F /* InstagramUITests */ = {
			isa = PBXGroup;
			children = (
				075E950F263B507F0082233F /* InstagramUITests.swift */,
				075E9511263B507F0082233F /* Info.plist */,
			);
			path = InstagramUITests;
			sourceTree = "<group>";
		};
		9711F5EE478E02C711EFA42E /* Frameworks */ = {
			isa = PBXGroup;
			children = (
				C230A97BDEFB2434FFFFC964 /* Pods_Instagram.framework */,
				3260A06957BC60206374461C /* Pods_Instagram_InstagramUITests.framework */,
				577D8301F0B18B898F183FF3 /* Pods_InstagramTests.framework */,
			);
			name = Frameworks;
			sourceTree = "<group>";
		};
		FA0F6D2E488980B612AF2477 /* Pods */ = {
			isa = PBXGroup;
			children = (
				F9E33E547AD3F7F710118A3D /* Pods-Instagram.debug.xcconfig */,
				492ECC4FF42064EBAC78DAB9 /* Pods-Instagram.release.xcconfig */,
				DD2F2D18AA51F98310DF361B /* Pods-Instagram-InstagramUITests.debug.xcconfig */,
				B62FC80B94420D8A9A5FFF26 /* Pods-Instagram-InstagramUITests.release.xcconfig */,
				D8A1D14205F3B425F79FF195 /* Pods-InstagramTests.debug.xcconfig */,
				750A4AE9D87E933269DF7B0E /* Pods-InstagramTests.release.xcconfig */,
			);
			path = Pods;
			sourceTree = "<group>";
		};
/* End PBXGroup section */

/* Begin PBXNativeTarget section */
		075E94E9263B507C0082233F /* Instagram */ = {
			isa = PBXNativeTarget;
			buildConfigurationList = 075E9514263B507F0082233F /* Build configuration list for PBXNativeTarget "Instagram" */;
			buildPhases = (
				420E77F2EF523ECC1347F63C /* [CP] Check Pods Manifest.lock */,
				075E94E6263B507C0082233F /* Sources */,
				075E94E7263B507C0082233F /* Frameworks */,
				075E94E8263B507C0082233F /* Resources */,
				4D52FC342CE5DFDC05F51C09 /* [CP] Embed Pods Frameworks */,
			);
			buildRules = (
			);
			dependencies = (
			);
			name = Instagram;
			productName = Instagram;
			productReference = 075E94EA263B507C0082233F /* Instagram.app */;
			productType = "com.apple.product-type.application";
		};
		075E94FF263B507F0082233F /* InstagramTests */ = {
			isa = PBXNativeTarget;
			buildConfigurationList = 075E9517263B507F0082233F /* Build configuration list for PBXNativeTarget "InstagramTests" */;
			buildPhases = (
				D83E79715FD3142ECC845643 /* [CP] Check Pods Manifest.lock */,
				075E94FC263B507F0082233F /* Sources */,
				075E94FD263B507F0082233F /* Frameworks */,
				075E94FE263B507F0082233F /* Resources */,
			);
			buildRules = (
			);
			dependencies = (
				075E9502263B507F0082233F /* PBXTargetDependency */,
			);
			name = InstagramTests;
			productName = InstagramTests;
			productReference = 075E9500263B507F0082233F /* InstagramTests.xctest */;
			productType = "com.apple.product-type.bundle.unit-test";
		};
		075E950A263B507F0082233F /* InstagramUITests */ = {
			isa = PBXNativeTarget;
			buildConfigurationList = 075E951A263B507F0082233F /* Build configuration list for PBXNativeTarget "InstagramUITests" */;
			buildPhases = (
				542BD99B674E49702958C7B5 /* [CP] Check Pods Manifest.lock */,
				075E9507263B507F0082233F /* Sources */,
				075E9508263B507F0082233F /* Frameworks */,
				075E9509263B507F0082233F /* Resources */,
				EE0BA32EF7FAA7355FE46AD1 /* [CP] Embed Pods Frameworks */,
			);
			buildRules = (
			);
			dependencies = (
				075E950D263B507F0082233F /* PBXTargetDependency */,
			);
			name = InstagramUITests;
			productName = InstagramUITests;
			productReference = 075E950B263B507F0082233F /* InstagramUITests.xctest */;
			productType = "com.apple.product-type.bundle.ui-testing";
		};
/* End PBXNativeTarget section */

/* Begin PBXProject section */
		075E94E2263B507C0082233F /* Project object */ = {
			isa = PBXProject;
			attributes = {
				LastSwiftUpdateCheck = 1240;
				LastUpgradeCheck = 1240;
				TargetAttributes = {
					075E94E9263B507C0082233F = {
						CreatedOnToolsVersion = 12.4;
					};
					075E94FF263B507F0082233F = {
						CreatedOnToolsVersion = 12.4;
						TestTargetID = 075E94E9263B507C0082233F;
					};
					075E950A263B507F0082233F = {
						CreatedOnToolsVersion = 12.4;
						TestTargetID = 075E94E9263B507C0082233F;
					};
				};
			};
			buildConfigurationList = 075E94E5263B507C0082233F /* Build configuration list for PBXProject "Instagram" */;
			compatibilityVersion = "Xcode 9.3";
			developmentRegion = en;
			hasScannedForEncodings = 0;
			knownRegions = (
				en,
				Base,
			);
			mainGroup = 075E94E1263B507C0082233F;
			productRefGroup = 075E94EB263B507C0082233F /* Products */;
			projectDirPath = "";
			projectRoot = "";
			targets = (
				075E94E9263B507C0082233F /* Instagram */,
				075E94FF263B507F0082233F /* InstagramTests */,
				075E950A263B507F0082233F /* InstagramUITests */,
			);
		};
/* End PBXProject section */

/* Begin PBXResourcesBuildPhase section */
		075E94E8263B507C0082233F /* Resources */ = {
			isa = PBXResourcesBuildPhase;
			buildActionMask = 2147483647;
			files = (
				075E94FA263B507F0082233F /* LaunchScreen.storyboard in Resources */,
				075E94F7263B507F0082233F /* Assets.xcassets in Resources */,
				075E94F5263B507C0082233F /* Main.storyboard in Resources */,
			);
			runOnlyForDeploymentPostprocessing = 0;
		};
		075E94FE263B507F0082233F /* Resources */ = {
			isa = PBXResourcesBuildPhase;
			buildActionMask = 2147483647;
			files = (
			);
			runOnlyForDeploymentPostprocessing = 0;
		};
		075E9509263B507F0082233F /* Resources */ = {
			isa = PBXResourcesBuildPhase;
			buildActionMask = 2147483647;
			files = (
			);
			runOnlyForDeploymentPostprocessing = 0;
		};
/* End PBXResourcesBuildPhase section */

/* Begin PBXShellScriptBuildPhase section */
		420E77F2EF523ECC1347F63C /* [CP] Check Pods Manifest.lock */ = {
			isa = PBXShellScriptBuildPhase;
			buildActionMask = 2147483647;
			files = (
			);
			inputFileListPaths = (
			);
			inputPaths = (
				"${PODS_PODFILE_DIR_PATH}/Podfile.lock",
				"${PODS_ROOT}/Manifest.lock",
			);
			name = "[CP] Check Pods Manifest.lock";
			outputFileListPaths = (
			);
			outputPaths = (
				"$(DERIVED_FILE_DIR)/Pods-Instagram-checkManifestLockResult.txt",
			);
			runOnlyForDeploymentPostprocessing = 0;
			shellPath = /bin/sh;
			shellScript = "diff \"${PODS_PODFILE_DIR_PATH}/Podfile.lock\" \"${PODS_ROOT}/Manifest.lock\" > /dev/null\nif [ $? != 0 ] ; then\n    # print error to STDERR\n    echo \"error: The sandbox is not in sync with the Podfile.lock. Run 'pod install' or update your CocoaPods installation.\" >&2\n    exit 1\nfi\n# This output is used by Xcode 'outputs' to avoid re-running this script phase.\necho \"SUCCESS\" > \"${SCRIPT_OUTPUT_FILE_0}\"\n";
			showEnvVarsInLog = 0;
		};
		4D52FC342CE5DFDC05F51C09 /* [CP] Embed Pods Frameworks */ = {
			isa = PBXShellScriptBuildPhase;
			buildActionMask = 2147483647;
			files = (
			);
			inputFileListPaths = (
				"${PODS_ROOT}/Target Support Files/Pods-Instagram/Pods-Instagram-frameworks-${CONFIGURATION}-input-files.xcfilelist",
			);
			name = "[CP] Embed Pods Frameworks";
			outputFileListPaths = (
				"${PODS_ROOT}/Target Support Files/Pods-Instagram/Pods-Instagram-frameworks-${CONFIGURATION}-output-files.xcfilelist",
			);
			runOnlyForDeploymentPostprocessing = 0;
			shellPath = /bin/sh;
			shellScript = "\"${PODS_ROOT}/Target Support Files/Pods-Instagram/Pods-Instagram-frameworks.sh\"\n";
			showEnvVarsInLog = 0;
		};
		542BD99B674E49702958C7B5 /* [CP] Check Pods Manifest.lock */ = {
			isa = PBXShellScriptBuildPhase;
			buildActionMask = 2147483647;
			files = (
			);
			inputFileListPaths = (
			);
			inputPaths = (
				"${PODS_PODFILE_DIR_PATH}/Podfile.lock",
				"${PODS_ROOT}/Manifest.lock",
			);
			name = "[CP] Check Pods Manifest.lock";
			outputFileListPaths = (
			);
			outputPaths = (
				"$(DERIVED_FILE_DIR)/Pods-Instagram-InstagramUITests-checkManifestLockResult.txt",
			);
			runOnlyForDeploymentPostprocessing = 0;
			shellPath = /bin/sh;
			shellScript = "diff \"${PODS_PODFILE_DIR_PATH}/Podfile.lock\" \"${PODS_ROOT}/Manifest.lock\" > /dev/null\nif [ $? != 0 ] ; then\n    # print error to STDERR\n    echo \"error: The sandbox is not in sync with the Podfile.lock. Run 'pod install' or update your CocoaPods installation.\" >&2\n    exit 1\nfi\n# This output is used by Xcode 'outputs' to avoid re-running this script phase.\necho \"SUCCESS\" > \"${SCRIPT_OUTPUT_FILE_0}\"\n";
			showEnvVarsInLog = 0;
		};
		D83E79715FD3142ECC845643 /* [CP] Check Pods Manifest.lock */ = {
			isa = PBXShellScriptBuildPhase;
			buildActionMask = 2147483647;
			files = (
			);
			inputFileListPaths = (
			);
			inputPaths = (
				"${PODS_PODFILE_DIR_PATH}/Podfile.lock",
				"${PODS_ROOT}/Manifest.lock",
			);
			name = "[CP] Check Pods Manifest.lock";
			outputFileListPaths = (
			);
			outputPaths = (
				"$(DERIVED_FILE_DIR)/Pods-InstagramTests-checkManifestLockResult.txt",
			);
			runOnlyForDeploymentPostprocessing = 0;
			shellPath = /bin/sh;
			shellScript = "diff \"${PODS_PODFILE_DIR_PATH}/Podfile.lock\" \"${PODS_ROOT}/Manifest.lock\" > /dev/null\nif [ $? != 0 ] ; then\n    # print error to STDERR\n    echo \"error: The sandbox is not in sync with the Podfile.lock. Run 'pod install' or update your CocoaPods installation.\" >&2\n    exit 1\nfi\n# This output is used by Xcode 'outputs' to avoid re-running this script phase.\necho \"SUCCESS\" > \"${SCRIPT_OUTPUT_FILE_0}\"\n";
			showEnvVarsInLog = 0;
		};
		EE0BA32EF7FAA7355FE46AD1 /* [CP] Embed Pods Frameworks */ = {
			isa = PBXShellScriptBuildPhase;
			buildActionMask = 2147483647;
			files = (
			);
			inputFileListPaths = (
				"${PODS_ROOT}/Target Support Files/Pods-Instagram-InstagramUITests/Pods-Instagram-InstagramUITests-frameworks-${CONFIGURATION}-input-files.xcfilelist",
			);
			name = "[CP] Embed Pods Frameworks";
			outputFileListPaths = (
				"${PODS_ROOT}/Target Support Files/Pods-Instagram-InstagramUITests/Pods-Instagram-InstagramUITests-frameworks-${CONFIGURATION}-output-files.xcfilelist",
			);
			runOnlyForDeploymentPostprocessing = 0;
			shellPath = /bin/sh;
			shellScript = "\"${PODS_ROOT}/Target Support Files/Pods-Instagram-InstagramUITests/Pods-Instagram-InstagramUITests-frameworks.sh\"\n";
			showEnvVarsInLog = 0;
		};
/* End PBXShellScriptBuildPhase section */

/* Begin PBXSourcesBuildPhase section */
		075E94E6263B507C0082233F /* Sources */ = {
			isa = PBXSourcesBuildPhase;
			buildActionMask = 2147483647;
			files = (
				075E9530263B53D80082233F /* LoginViewController.swift in Sources */,
				075E953A263B80070082233F /* CameraViewController.swift in Sources */,
				075E94EE263B507C0082233F /* AppDelegate.swift in Sources */,
				075E9535263B53EC0082233F /* FeedViewController.swift in Sources */,
				075E94F0263B507C0082233F /* SceneDelegate.swift in Sources */,
				07D28ABE263BA7D60042F24D /* PostCell.swift in Sources */,
				075B875D2646052F002F5322 /* CommentCell.swift in Sources */,
			);
			runOnlyForDeploymentPostprocessing = 0;
		};
		075E94FC263B507F0082233F /* Sources */ = {
			isa = PBXSourcesBuildPhase;
			buildActionMask = 2147483647;
			files = (
				075E9505263B507F0082233F /* InstagramTests.swift in Sources */,
			);
			runOnlyForDeploymentPostprocessing = 0;
		};
		075E9507263B507F0082233F /* Sources */ = {
			isa = PBXSourcesBuildPhase;
			buildActionMask = 2147483647;
			files = (
				075E9510263B507F0082233F /* InstagramUITests.swift in Sources */,
			);
			runOnlyForDeploymentPostprocessing = 0;
		};
/* End PBXSourcesBuildPhase section */

/* Begin PBXTargetDependency section */
		075E9502263B507F0082233F /* PBXTargetDependency */ = {
			isa = PBXTargetDependency;
			target = 075E94E9263B507C0082233F /* Instagram */;
			targetProxy = 075E9501263B507F0082233F /* PBXContainerItemProxy */;
		};
		075E950D263B507F0082233F /* PBXTargetDependency */ = {
			isa = PBXTargetDependency;
			target = 075E94E9263B507C0082233F /* Instagram */;
			targetProxy = 075E950C263B507F0082233F /* PBXContainerItemProxy */;
		};
/* End PBXTargetDependency section */

/* Begin PBXVariantGroup section */
		075E94F3263B507C0082233F /* Main.storyboard */ = {
			isa = PBXVariantGroup;
			children = (
				075E94F4263B507C0082233F /* Base */,
			);
			name = Main.storyboard;
			sourceTree = "<group>";
		};
		075E94F8263B507F0082233F /* LaunchScreen.storyboard */ = {
			isa = PBXVariantGroup;
			children = (
				075E94F9263B507F0082233F /* Base */,
			);
			name = LaunchScreen.storyboard;
			sourceTree = "<group>";
		};
/* End PBXVariantGroup section */

/* Begin XCBuildConfiguration section */
		075E9512263B507F0082233F /* Debug */ = {
			isa = XCBuildConfiguration;
			buildSettings = {
				ALWAYS_SEARCH_USER_PATHS = NO;
				CLANG_ANALYZER_NONNULL = YES;
				CLANG_ANALYZER_NUMBER_OBJECT_CONVERSION = YES_AGGRESSIVE;
				CLANG_CXX_LANGUAGE_STANDARD = "gnu++14";
				CLANG_CXX_LIBRARY = "libc++";
				CLANG_ENABLE_MODULES = YES;
				CLANG_ENABLE_OBJC_ARC = YES;
				CLANG_ENABLE_OBJC_WEAK = YES;
				CLANG_WARN_BLOCK_CAPTURE_AUTORELEASING = YES;
				CLANG_WARN_BOOL_CONVERSION = YES;
				CLANG_WARN_COMMA = YES;
				CLANG_WARN_CONSTANT_CONVERSION = YES;
				CLANG_WARN_DEPRECATED_OBJC_IMPLEMENTATIONS = YES;
				CLANG_WARN_DIRECT_OBJC_ISA_USAGE = YES_ERROR;
				CLANG_WARN_DOCUMENTATION_COMMENTS = YES;
				CLANG_WARN_EMPTY_BODY = YES;
				CLANG_WARN_ENUM_CONVERSION = YES;
				CLANG_WARN_INFINITE_RECURSION = YES;
				CLANG_WARN_INT_CONVERSION = YES;
				CLANG_WARN_NON_LITERAL_NULL_CONVERSION = YES;
				CLANG_WARN_OBJC_IMPLICIT_RETAIN_SELF = YES;
				CLANG_WARN_OBJC_LITERAL_CONVERSION = YES;
				CLANG_WARN_OBJC_ROOT_CLASS = YES_ERROR;
				CLANG_WARN_QUOTED_INCLUDE_IN_FRAMEWORK_HEADER = YES;
				CLANG_WARN_RANGE_LOOP_ANALYSIS = YES;
				CLANG_WARN_STRICT_PROTOTYPES = YES;
				CLANG_WARN_SUSPICIOUS_MOVE = YES;
				CLANG_WARN_UNGUARDED_AVAILABILITY = YES_AGGRESSIVE;
				CLANG_WARN_UNREACHABLE_CODE = YES;
				CLANG_WARN__DUPLICATE_METHOD_MATCH = YES;
				COPY_PHASE_STRIP = NO;
				DEBUG_INFORMATION_FORMAT = dwarf;
				ENABLE_STRICT_OBJC_MSGSEND = YES;
				ENABLE_TESTABILITY = YES;
				GCC_C_LANGUAGE_STANDARD = gnu11;
				GCC_DYNAMIC_NO_PIC = NO;
				GCC_NO_COMMON_BLOCKS = YES;
				GCC_OPTIMIZATION_LEVEL = 0;
				GCC_PREPROCESSOR_DEFINITIONS = (
					"DEBUG=1",
					"$(inherited)",
				);
				GCC_WARN_64_TO_32_BIT_CONVERSION = YES;
				GCC_WARN_ABOUT_RETURN_TYPE = YES_ERROR;
				GCC_WARN_UNDECLARED_SELECTOR = YES;
				GCC_WARN_UNINITIALIZED_AUTOS = YES_AGGRESSIVE;
				GCC_WARN_UNUSED_FUNCTION = YES;
				GCC_WARN_UNUSED_VARIABLE = YES;
				IPHONEOS_DEPLOYMENT_TARGET = 14.4;
				MTL_ENABLE_DEBUG_INFO = INCLUDE_SOURCE;
				MTL_FAST_MATH = YES;
				ONLY_ACTIVE_ARCH = YES;
				SDKROOT = iphoneos;
				SWIFT_ACTIVE_COMPILATION_CONDITIONS = DEBUG;
				SWIFT_OPTIMIZATION_LEVEL = "-Onone";
			};
			name = Debug;
		};
		075E9513263B507F0082233F /* Release */ = {
			isa = XCBuildConfiguration;
			buildSettings = {
				ALWAYS_SEARCH_USER_PATHS = NO;
				CLANG_ANALYZER_NONNULL = YES;
				CLANG_ANALYZER_NUMBER_OBJECT_CONVERSION = YES_AGGRESSIVE;
				CLANG_CXX_LANGUAGE_STANDARD = "gnu++14";
				CLANG_CXX_LIBRARY = "libc++";
				CLANG_ENABLE_MODULES = YES;
				CLANG_ENABLE_OBJC_ARC = YES;
				CLANG_ENABLE_OBJC_WEAK = YES;
				CLANG_WARN_BLOCK_CAPTURE_AUTORELEASING = YES;
				CLANG_WARN_BOOL_CONVERSION = YES;
				CLANG_WARN_COMMA = YES;
				CLANG_WARN_CONSTANT_CONVERSION = YES;
				CLANG_WARN_DEPRECATED_OBJC_IMPLEMENTATIONS = YES;
				CLANG_WARN_DIRECT_OBJC_ISA_USAGE = YES_ERROR;
				CLANG_WARN_DOCUMENTATION_COMMENTS = YES;
				CLANG_WARN_EMPTY_BODY = YES;
				CLANG_WARN_ENUM_CONVERSION = YES;
				CLANG_WARN_INFINITE_RECURSION = YES;
				CLANG_WARN_INT_CONVERSION = YES;
				CLANG_WARN_NON_LITERAL_NULL_CONVERSION = YES;
				CLANG_WARN_OBJC_IMPLICIT_RETAIN_SELF = YES;
				CLANG_WARN_OBJC_LITERAL_CONVERSION = YES;
				CLANG_WARN_OBJC_ROOT_CLASS = YES_ERROR;
				CLANG_WARN_QUOTED_INCLUDE_IN_FRAMEWORK_HEADER = YES;
				CLANG_WARN_RANGE_LOOP_ANALYSIS = YES;
				CLANG_WARN_STRICT_PROTOTYPES = YES;
				CLANG_WARN_SUSPICIOUS_MOVE = YES;
				CLANG_WARN_UNGUARDED_AVAILABILITY = YES_AGGRESSIVE;
				CLANG_WARN_UNREACHABLE_CODE = YES;
				CLANG_WARN__DUPLICATE_METHOD_MATCH = YES;
				COPY_PHASE_STRIP = NO;
				DEBUG_INFORMATION_FORMAT = "dwarf-with-dsym";
				ENABLE_NS_ASSERTIONS = NO;
				ENABLE_STRICT_OBJC_MSGSEND = YES;
				GCC_C_LANGUAGE_STANDARD = gnu11;
				GCC_NO_COMMON_BLOCKS = YES;
				GCC_WARN_64_TO_32_BIT_CONVERSION = YES;
				GCC_WARN_ABOUT_RETURN_TYPE = YES_ERROR;
				GCC_WARN_UNDECLARED_SELECTOR = YES;
				GCC_WARN_UNINITIALIZED_AUTOS = YES_AGGRESSIVE;
				GCC_WARN_UNUSED_FUNCTION = YES;
				GCC_WARN_UNUSED_VARIABLE = YES;
				IPHONEOS_DEPLOYMENT_TARGET = 14.4;
				MTL_ENABLE_DEBUG_INFO = NO;
				MTL_FAST_MATH = YES;
				SDKROOT = iphoneos;
				SWIFT_COMPILATION_MODE = wholemodule;
				SWIFT_OPTIMIZATION_LEVEL = "-O";
				VALIDATE_PRODUCT = YES;
			};
			name = Release;
		};
		075E9515263B507F0082233F /* Debug */ = {
			isa = XCBuildConfiguration;
			baseConfigurationReference = F9E33E547AD3F7F710118A3D /* Pods-Instagram.debug.xcconfig */;
			buildSettings = {
				ASSETCATALOG_COMPILER_APPICON_NAME = AppIcon;
				ASSETCATALOG_COMPILER_GLOBAL_ACCENT_COLOR_NAME = AccentColor;
				CODE_SIGN_STYLE = Automatic;
				DEVELOPMENT_TEAM = BL4GUJL6ZX;
				INFOPLIST_FILE = Instagram/Info.plist;
				LD_RUNPATH_SEARCH_PATHS = (
					"$(inherited)",
					"@executable_path/Frameworks",
				);
				PRODUCT_BUNDLE_IDENTIFIER = com.codepath.Instagram;
				PRODUCT_NAME = "$(TARGET_NAME)";
				SWIFT_VERSION = 5.0;
				TARGETED_DEVICE_FAMILY = "1,2";
			};
			name = Debug;
		};
		075E9516263B507F0082233F /* Release */ = {
			isa = XCBuildConfiguration;
			baseConfigurationReference = 492ECC4FF42064EBAC78DAB9 /* Pods-Instagram.release.xcconfig */;
			buildSettings = {
				ASSETCATALOG_COMPILER_APPICON_NAME = AppIcon;
				ASSETCATALOG_COMPILER_GLOBAL_ACCENT_COLOR_NAME = AccentColor;
				CODE_SIGN_STYLE = Automatic;
				DEVELOPMENT_TEAM = BL4GUJL6ZX;
				INFOPLIST_FILE = Instagram/Info.plist;
				LD_RUNPATH_SEARCH_PATHS = (
					"$(inherited)",
					"@executable_path/Frameworks",
				);
				PRODUCT_BUNDLE_IDENTIFIER = com.codepath.Instagram;
				PRODUCT_NAME = "$(TARGET_NAME)";
				SWIFT_VERSION = 5.0;
				TARGETED_DEVICE_FAMILY = "1,2";
			};
			name = Release;
		};
		075E9518263B507F0082233F /* Debug */ = {
			isa = XCBuildConfiguration;
			baseConfigurationReference = D8A1D14205F3B425F79FF195 /* Pods-InstagramTests.debug.xcconfig */;
			buildSettings = {
				ALWAYS_EMBED_SWIFT_STANDARD_LIBRARIES = YES;
				BUNDLE_LOADER = "$(TEST_HOST)";
				CODE_SIGN_STYLE = Automatic;
				DEVELOPMENT_TEAM = BL4GUJL6ZX;
				INFOPLIST_FILE = InstagramTests/Info.plist;
				IPHONEOS_DEPLOYMENT_TARGET = 14.4;
				LD_RUNPATH_SEARCH_PATHS = (
					"$(inherited)",
					"@executable_path/Frameworks",
					"@loader_path/Frameworks",
				);
				PRODUCT_BUNDLE_IDENTIFIER = com.codepath.InstagramTests;
				PRODUCT_NAME = "$(TARGET_NAME)";
				SWIFT_VERSION = 5.0;
				TARGETED_DEVICE_FAMILY = "1,2";
				TEST_HOST = "$(BUILT_PRODUCTS_DIR)/Instagram.app/Instagram";
			};
			name = Debug;
		};
		075E9519263B507F0082233F /* Release */ = {
			isa = XCBuildConfiguration;
			baseConfigurationReference = 750A4AE9D87E933269DF7B0E /* Pods-InstagramTests.release.xcconfig */;
			buildSettings = {
				ALWAYS_EMBED_SWIFT_STANDARD_LIBRARIES = YES;
				BUNDLE_LOADER = "$(TEST_HOST)";
				CODE_SIGN_STYLE = Automatic;
				DEVELOPMENT_TEAM = BL4GUJL6ZX;
				INFOPLIST_FILE = InstagramTests/Info.plist;
				IPHONEOS_DEPLOYMENT_TARGET = 14.4;
				LD_RUNPATH_SEARCH_PATHS = (
					"$(inherited)",
					"@executable_path/Frameworks",
					"@loader_path/Frameworks",
				);
				PRODUCT_BUNDLE_IDENTIFIER = com.codepath.InstagramTests;
				PRODUCT_NAME = "$(TARGET_NAME)";
				SWIFT_VERSION = 5.0;
				TARGETED_DEVICE_FAMILY = "1,2";
				TEST_HOST = "$(BUILT_PRODUCTS_DIR)/Instagram.app/Instagram";
			};
			name = Release;
		};
		075E951B263B507F0082233F /* Debug */ = {
			isa = XCBuildConfiguration;
			baseConfigurationReference = DD2F2D18AA51F98310DF361B /* Pods-Instagram-InstagramUITests.debug.xcconfig */;
			buildSettings = {
				ALWAYS_EMBED_SWIFT_STANDARD_LIBRARIES = YES;
				CODE_SIGN_STYLE = Automatic;
				DEVELOPMENT_TEAM = BL4GUJL6ZX;
				INFOPLIST_FILE = InstagramUITests/Info.plist;
				LD_RUNPATH_SEARCH_PATHS = (
					"$(inherited)",
					"@executable_path/Frameworks",
					"@loader_path/Frameworks",
				);
				PRODUCT_BUNDLE_IDENTIFIER = com.codepath.InstagramUITests;
				PRODUCT_NAME = "$(TARGET_NAME)";
				SWIFT_VERSION = 5.0;
				TARGETED_DEVICE_FAMILY = "1,2";
				TEST_TARGET_NAME = Instagram;
			};
			name = Debug;
		};
		075E951C263B507F0082233F /* Release */ = {
			isa = XCBuildConfiguration;
			baseConfigurationReference = B62FC80B94420D8A9A5FFF26 /* Pods-Instagram-InstagramUITests.release.xcconfig */;
			buildSettings = {
				ALWAYS_EMBED_SWIFT_STANDARD_LIBRARIES = YES;
				CODE_SIGN_STYLE = Automatic;
				DEVELOPMENT_TEAM = BL4GUJL6ZX;
				INFOPLIST_FILE = InstagramUITests/Info.plist;
				LD_RUNPATH_SEARCH_PATHS = (
					"$(inherited)",
					"@executable_path/Frameworks",
					"@loader_path/Frameworks",
				);
				PRODUCT_BUNDLE_IDENTIFIER = com.codepath.InstagramUITests;
				PRODUCT_NAME = "$(TARGET_NAME)";
				SWIFT_VERSION = 5.0;
				TARGETED_DEVICE_FAMILY = "1,2";
				TEST_TARGET_NAME = Instagram;
			};
			name = Release;
		};
/* End XCBuildConfiguration section */

/* Begin XCConfigurationList section */
		075E94E5263B507C0082233F /* Build configuration list for PBXProject "Instagram" */ = {
			isa = XCConfigurationList;
			buildConfigurations = (
				075E9512263B507F0082233F /* Debug */,
				075E9513263B507F0082233F /* Release */,
			);
			defaultConfigurationIsVisible = 0;
			defaultConfigurationName = Release;
		};
		075E9514263B507F0082233F /* Build configuration list for PBXNativeTarget "Instagram" */ = {
			isa = XCConfigurationList;
			buildConfigurations = (
				075E9515263B507F0082233F /* Debug */,
				075E9516263B507F0082233F /* Release */,
			);
			defaultConfigurationIsVisible = 0;
			defaultConfigurationName = Release;
		};
		075E9517263B507F0082233F /* Build configuration list for PBXNativeTarget "InstagramTests" */ = {
			isa = XCConfigurationList;
			buildConfigurations = (
				075E9518263B507F0082233F /* Debug */,
				075E9519263B507F0082233F /* Release */,
			);
			defaultConfigurationIsVisible = 0;
			defaultConfigurationName = Release;
		};
		075E951A263B507F0082233F /* Build configuration list for PBXNativeTarget "InstagramUITests" */ = {
			isa = XCConfigurationList;
			buildConfigurations = (
				075E951B263B507F0082233F /* Debug */,
				075E951C263B507F0082233F /* Release */,
			);
			defaultConfigurationIsVisible = 0;
			defaultConfigurationName = Release;
		};
/* End XCConfigurationList section */
	};
	rootObject = 075E94E2263B507C0082233F /* Project object */;
}
